{
  "name": "web",
  "lockfileVersion": 2,
  "requires": true,
  "packages": {
    "": {
      "dependencies": {
        "@deck.gl/core": "^8.9.32",
        "@deck.gl/layers": "^8.9.32"
      }
    },
    "node_modules/@babel/runtime": {
      "version": "7.23.2",
      "resolved": "https://registry.npmjs.org/@babel/runtime/-/runtime-7.23.2.tgz",
      "integrity": "sha512-mM8eg4yl5D6i3lu2QKPuPH4FArvJ8KhTofbE7jwMUv9KX5mBvwPAqnV3MlyBNqdp9RyRKP6Yck8TrfYrPvX3bg==",
      "dependencies": {
        "regenerator-runtime": "^0.14.0"
      },
      "engines": {
        "node": ">=6.9.0"
      }
    },
    "node_modules/@deck.gl/core": {
      "version": "8.9.32",
      "resolved": "https://registry.npmjs.org/@deck.gl/core/-/core-8.9.32.tgz",
      "integrity": "sha512-LQA2wPYxuWqZyxrlFZMsLOr3tBHdOFXMMVz4wBNATCyObbc9THly8FgW2N48tHT6OY2fM2N5wmbw9uRLsCg1kw==",
      "dependencies": {
        "@babel/runtime": "^7.0.0",
        "@loaders.gl/core": "^3.4.13",
        "@loaders.gl/images": "^3.4.13",
        "@luma.gl/constants": "^8.5.21",
        "@luma.gl/core": "^8.5.21",
        "@luma.gl/webgl": "^8.5.21",
        "@math.gl/core": "^3.6.2",
        "@math.gl/sun": "^3.6.2",
        "@math.gl/web-mercator": "^3.6.2",
        "@probe.gl/env": "^3.5.0",
        "@probe.gl/log": "^3.5.0",
        "@probe.gl/stats": "^3.5.0",
        "gl-matrix": "^3.0.0",
        "math.gl": "^3.6.2",
        "mjolnir.js": "^2.7.0"
      }
    },
    "node_modules/@deck.gl/layers": {
      "version": "8.9.32",
      "resolved": "https://registry.npmjs.org/@deck.gl/layers/-/layers-8.9.32.tgz",
      "integrity": "sha512-UuUBbRvBnL42pG70YY12YLspl6t/OacP4f/E3Ty0lliXe0m/5jJFW+moubsz3goBV0adMI+CQf57cdlqlfQ4AQ==",
      "dependencies": {
        "@babel/runtime": "^7.0.0",
        "@loaders.gl/images": "^3.4.13",
        "@loaders.gl/schema": "^3.4.13",
        "@luma.gl/constants": "^8.5.21",
        "@mapbox/tiny-sdf": "^2.0.5",
        "@math.gl/core": "^3.6.2",
        "@math.gl/polygon": "^3.6.2",
        "@math.gl/web-mercator": "^3.6.2",
        "earcut": "^2.2.4"
      },
      "peerDependencies": {
        "@deck.gl/core": "^8.0.0",
        "@loaders.gl/core": "^3.4.13",
        "@luma.gl/core": "^8.0.0"
      }
    },
    "node_modules/@loaders.gl/core": {
      "version": "3.4.14",
      "resolved": "https://registry.npmjs.org/@loaders.gl/core/-/core-3.4.14.tgz",
      "integrity": "sha512-5PFcjv7xC8AYL17juDMrvo8n0Fcwg9s8F4BaM2YCNUsb9RCI2SmLuIFJMcx1GgHO5vL0WiTIKO+JT4n1FuNR6w==",
      "dependencies": {
        "@babel/runtime": "^7.3.1",
        "@loaders.gl/loader-utils": "3.4.14",
        "@loaders.gl/worker-utils": "3.4.14",
        "@probe.gl/log": "^4.0.1"
      }
    },
    "node_modules/@loaders.gl/core/node_modules/@probe.gl/env": {
      "version": "4.0.4",
      "resolved": "https://registry.npmjs.org/@probe.gl/env/-/env-4.0.4.tgz",
      "integrity": "sha512-sYNGqesDfWD6dFP5oNZtTeFA4Z6ak5T4a8BNPdNhoqy7PK9w70JHrb6mv+RKWqKXq33KiwCDWL7fYxx2HuEH2w==",
      "dependencies": {
        "@babel/runtime": "^7.0.0"
      }
    },
    "node_modules/@loaders.gl/core/node_modules/@probe.gl/log": {
      "version": "4.0.4",
      "resolved": "https://registry.npmjs.org/@probe.gl/log/-/log-4.0.4.tgz",
      "integrity": "sha512-WpmXl6njlBMwrm8HBh/b4kSp/xnY1VVmeT4PWUKF+RkVbFuKQbsU11dA1IxoMd7gSY+5DGIwxGfAv1H5OMzA4A==",
      "dependencies": {
        "@babel/runtime": "^7.0.0",
        "@probe.gl/env": "4.0.4"
      }
    },
    "node_modules/@loaders.gl/images": {
      "version": "3.4.14",
      "resolved": "https://registry.npmjs.org/@loaders.gl/images/-/images-3.4.14.tgz",
      "integrity": "sha512-tL447hTWhOKBOB87SE4hvlC8OkbRT0mEaW1a/wIS9f4HnYDa/ycRLMV+nvdvYMZur4isNPam44oiRqi7GcILkg==",
      "dependencies": {
        "@loaders.gl/loader-utils": "3.4.14"
      }
    },
    "node_modules/@loaders.gl/loader-utils": {
      "version": "3.4.14",
      "resolved": "https://registry.npmjs.org/@loaders.gl/loader-utils/-/loader-utils-3.4.14.tgz",
      "integrity": "sha512-HCTY2/F83RLbZWcTvWLVJ1vke3dl6Bye20HU1AqkA37J2vzHwOZ8kj6eee8eeSkIkf7VIFwjyhVJxe0flQE/Bw==",
      "dependencies": {
        "@babel/runtime": "^7.3.1",
        "@loaders.gl/worker-utils": "3.4.14",
        "@probe.gl/stats": "^4.0.1"
      }
    },
    "node_modules/@loaders.gl/loader-utils/node_modules/@probe.gl/stats": {
      "version": "4.0.4",
      "resolved": "https://registry.npmjs.org/@probe.gl/stats/-/stats-4.0.4.tgz",
      "integrity": "sha512-SDuSY/D4yDL6LQDa69l/GCcnZLRiGYdyvYkxWb0CgnzTPdPrcdrzGkzkvpC3zsA4fEFw2smlDje370QGHwlisg==",
      "dependencies": {
        "@babel/runtime": "^7.0.0"
      }
    },
    "node_modules/@loaders.gl/schema": {
      "version": "3.4.14",
      "resolved": "https://registry.npmjs.org/@loaders.gl/schema/-/schema-3.4.14.tgz",
      "integrity": "sha512-r6BEDfUvbvzgUnh/MtkR5RzrkIwo1x1jtPFRTSJVsIZO7arXXlu3blffuv5ppEkKpNZ1Xzd9WtHp/JIkuctsmw==",
      "dependencies": {
        "@types/geojson": "^7946.0.7"
      }
    },
    "node_modules/@loaders.gl/worker-utils": {
      "version": "3.4.14",
      "resolved": "https://registry.npmjs.org/@loaders.gl/worker-utils/-/worker-utils-3.4.14.tgz",
      "integrity": "sha512-PUSwxoAYbskisXd0KfYEQ902b0igBA2UAWdP6PzPvY+tJmobfh74dTNwrrBQ1rGXQxxmGx6zc6/ksX6mlIzIrg==",
      "dependencies": {
        "@babel/runtime": "^7.3.1"
      }
    },
    "node_modules/@luma.gl/constants": {
      "version": "8.5.21",
      "resolved": "https://registry.npmjs.org/@luma.gl/constants/-/constants-8.5.21.tgz",
      "integrity": "sha512-aJxayGxTT+IRd1vfpcgD/cKSCiVJjBNiuiChS96VulrmCvkzUOLvYXr42y5qKB4RyR7vOIda5uQprNzoHrhQAA=="
    },
    "node_modules/@luma.gl/core": {
      "version": "8.5.21",
      "resolved": "https://registry.npmjs.org/@luma.gl/core/-/core-8.5.21.tgz",
      "integrity": "sha512-11jQJQEMoR/IN2oIsd4zFxiQJk6FE+xgVIMUcsCTBuzafTtQZ8Po9df8mt+MVewpDyBlTVs6g8nxHRH4np1ukA==",
      "dependencies": {
        "@babel/runtime": "^7.0.0",
        "@luma.gl/constants": "8.5.21",
        "@luma.gl/engine": "8.5.21",
        "@luma.gl/gltools": "8.5.21",
        "@luma.gl/shadertools": "8.5.21",
        "@luma.gl/webgl": "8.5.21"
      }
    },
    "node_modules/@luma.gl/engine": {
      "version": "8.5.21",
      "resolved": "https://registry.npmjs.org/@luma.gl/engine/-/engine-8.5.21.tgz",
      "integrity": "sha512-IG3WQSKXFNUEs8QG7ZjHtGiOtsakUu+BAxtJ6997A6/F06yynZ44tPe5NU70jG9Yfu3kV0LykPZg7hO3vXZDiA==",
      "dependencies": {
        "@babel/runtime": "^7.0.0",
        "@luma.gl/constants": "8.5.21",
        "@luma.gl/gltools": "8.5.21",
        "@luma.gl/shadertools": "8.5.21",
        "@luma.gl/webgl": "8.5.21",
        "@math.gl/core": "^3.5.0",
        "@probe.gl/env": "^3.5.0",
        "@probe.gl/stats": "^3.5.0",
        "@types/offscreencanvas": "^2019.7.0"
      }
    },
    "node_modules/@luma.gl/gltools": {
      "version": "8.5.21",
      "resolved": "https://registry.npmjs.org/@luma.gl/gltools/-/gltools-8.5.21.tgz",
      "integrity": "sha512-6qZ0LaT2Mxa4AJT5F44TFoaziokYiHUwO45vnM/NYUOIu9xevcmS6VtToawytMEACGL6PDeDyVqP3Y80SDzq5g==",
      "dependencies": {
        "@babel/runtime": "^7.0.0",
        "@luma.gl/constants": "8.5.21",
        "@probe.gl/env": "^3.5.0",
        "@probe.gl/log": "^3.5.0",
        "@types/offscreencanvas": "^2019.7.0"
      }
    },
    "node_modules/@luma.gl/shadertools": {
      "version": "8.5.21",
      "resolved": "https://registry.npmjs.org/@luma.gl/shadertools/-/shadertools-8.5.21.tgz",
      "integrity": "sha512-WQah7yFDJ8cNCLPYpIm3r0wSlXLvjoA279fcknmATvvkW3/i8PcCJ/nYEBJO3hHEwwMQxD16+YZu/uwGiifLMg==",
      "dependencies": {
        "@babel/runtime": "^7.0.0",
        "@math.gl/core": "^3.5.0"
      }
    },
    "node_modules/@luma.gl/webgl": {
      "version": "8.5.21",
      "resolved": "https://registry.npmjs.org/@luma.gl/webgl/-/webgl-8.5.21.tgz",
      "integrity": "sha512-ZVLO4W5UuaOlzZIwmFWhnmZ1gYoU97a+heMqxLrSSmCUAsSu3ZETUex9gOmzdM1WWxcdWaa3M68rvKCNEgwz0Q==",
      "dependencies": {
        "@babel/runtime": "^7.0.0",
        "@luma.gl/constants": "8.5.21",
        "@luma.gl/gltools": "8.5.21",
        "@probe.gl/env": "^3.5.0",
        "@probe.gl/stats": "^3.5.0"
      }
    },
    "node_modules/@mapbox/tiny-sdf": {
      "version": "2.0.6",
      "resolved": "https://registry.npmjs.org/@mapbox/tiny-sdf/-/tiny-sdf-2.0.6.tgz",
      "integrity": "sha512-qMqa27TLw+ZQz5Jk+RcwZGH7BQf5G/TrutJhspsca/3SHwmgKQ1iq+d3Jxz5oysPVYTGP6aXxCo5Lk9Er6YBAA=="
    },
    "node_modules/@math.gl/core": {
      "version": "3.6.3",
      "resolved": "https://registry.npmjs.org/@math.gl/core/-/core-3.6.3.tgz",
      "integrity": "sha512-jBABmDkj5uuuE0dTDmwwss7Cup5ZwQ6Qb7h1pgvtkEutTrhkcv8SuItQNXmF45494yIHeoGue08NlyeY6wxq2A==",
      "dependencies": {
        "@babel/runtime": "^7.12.0",
        "@math.gl/types": "3.6.3",
        "gl-matrix": "^3.4.0"
      }
    },
    "node_modules/@math.gl/polygon": {
      "version": "3.6.3",
      "resolved": "https://registry.npmjs.org/@math.gl/polygon/-/polygon-3.6.3.tgz",
      "integrity": "sha512-FivQ1ZnYcAss1wVifOkHP/ZnlfQy1IL/769uzNtiHxwUbW0kZG3yyOZ9I7fwyzR5Hvqt3ErJKHjSYZr0uVlz5g==",
      "dependencies": {
        "@math.gl/core": "3.6.3"
      }
    },
    "node_modules/@math.gl/sun": {
      "version": "3.6.3",
      "resolved": "https://registry.npmjs.org/@math.gl/sun/-/sun-3.6.3.tgz",
      "integrity": "sha512-mrx6CGYYeTNSQttvcw0KVUy+35YDmnjMqpO/o0t06Vcghrt0HNruB/ScRgUSbJrgkbOg1Vcqm23HBd++clzQzw==",
      "dependencies": {
        "@babel/runtime": "^7.12.0"
      }
    },
    "node_modules/@math.gl/types": {
      "version": "3.6.3",
      "resolved": "https://registry.npmjs.org/@math.gl/types/-/types-3.6.3.tgz",
      "integrity": "sha512-3uWLVXHY3jQxsXCr/UCNPSc2BG0hNUljhmOBt9l+lNFDp7zHgm0cK2Tw4kj2XfkJy4TgwZTBGwRDQgWEbLbdTA=="
    },
    "node_modules/@math.gl/web-mercator": {
      "version": "3.6.3",
      "resolved": "https://registry.npmjs.org/@math.gl/web-mercator/-/web-mercator-3.6.3.tgz",
      "integrity": "sha512-UVrkSOs02YLehKaehrxhAejYMurehIHPfFQvPFZmdJHglHOU4V2cCUApTVEwOksvCp161ypEqVp+9H6mGhTTcw==",
      "dependencies": {
        "@babel/runtime": "^7.12.0",
        "gl-matrix": "^3.4.0"
      }
    },
    "node_modules/@probe.gl/env": {
      "version": "3.6.0",
      "resolved": "https://registry.npmjs.org/@probe.gl/env/-/env-3.6.0.tgz",
      "integrity": "sha512-4tTZYUg/8BICC3Yyb9rOeoKeijKbZHRXBEKObrfPmX4sQmYB15ZOUpoVBhAyJkOYVAM8EkPci6Uw5dLCwx2BEQ==",
      "dependencies": {
        "@babel/runtime": "^7.0.0"
      }
    },
    "node_modules/@probe.gl/log": {
      "version": "3.6.0",
      "resolved": "https://registry.npmjs.org/@probe.gl/log/-/log-3.6.0.tgz",
      "integrity": "sha512-hjpyenpEvOdowgZ1qMeCJxfRD4JkKdlXz0RC14m42Un62NtOT+GpWyKA4LssT0+xyLULCByRAtG2fzZorpIAcA==",
      "dependencies": {
        "@babel/runtime": "^7.0.0",
        "@probe.gl/env": "3.6.0"
      }
    },
    "node_modules/@probe.gl/stats": {
      "version": "3.6.0",
      "resolved": "https://registry.npmjs.org/@probe.gl/stats/-/stats-3.6.0.tgz",
      "integrity": "sha512-JdALQXB44OP4kUBN/UrQgzbJe4qokbVF4Y8lkIA8iVCFnjVowWIgkD/z/0QO65yELT54tTrtepw1jScjKB+rhQ==",
      "dependencies": {
        "@babel/runtime": "^7.0.0"
      }
    },
    "node_modules/@types/geojson": {
      "version": "7946.0.13",
      "resolved": "https://registry.npmjs.org/@types/geojson/-/geojson-7946.0.13.tgz",
      "integrity": "sha512-bmrNrgKMOhM3WsafmbGmC+6dsF2Z308vLFsQ3a/bT8X8Sv5clVYpPars/UPq+sAaJP+5OoLAYgwbkS5QEJdLUQ=="
    },
    "node_modules/@types/hammerjs": {
      "version": "2.0.44",
      "resolved": "https://registry.npmjs.org/@types/hammerjs/-/hammerjs-2.0.44.tgz",
      "integrity": "sha512-pdGBkAh4ggfXAkiwgmTdROJe3mwvLWJYm6JiaAwCtskAU0Weh+JQyyMTbhvxjxD2n8sr8PrxVwyDzmpnK4pUrQ=="
    },
    "node_modules/@types/offscreencanvas": {
      "version": "2019.7.3",
      "resolved": "https://registry.npmjs.org/@types/offscreencanvas/-/offscreencanvas-2019.7.3.tgz",
      "integrity": "sha512-ieXiYmgSRXUDeOntE1InxjWyvEelZGP63M+cGuquuRLuIKKT1osnkXjxev9B7d1nXSug5vpunx+gNlbVxMlC9A=="
    },
    "node_modules/earcut": {
      "version": "2.2.4",
      "resolved": "https://registry.npmjs.org/earcut/-/earcut-2.2.4.tgz",
      "integrity": "sha512-/pjZsA1b4RPHbeWZQn66SWS8nZZWLQQ23oE3Eam7aroEFGEvwKAsJfZ9ytiEMycfzXWpca4FA9QIOehf7PocBQ=="
    },
    "node_modules/gl-matrix": {
      "version": "3.4.3",
      "resolved": "https://registry.npmjs.org/gl-matrix/-/gl-matrix-3.4.3.tgz",
      "integrity": "sha512-wcCp8vu8FT22BnvKVPjXa/ICBWRq/zjFfdofZy1WSpQZpphblv12/bOQLBC1rMM7SGOFS9ltVmKOHil5+Ml7gA=="
    },
    "node_modules/hammerjs": {
      "version": "2.0.8",
      "resolved": "https://registry.npmjs.org/hammerjs/-/hammerjs-2.0.8.tgz",
      "integrity": "sha512-tSQXBXS/MWQOn/RKckawJ61vvsDpCom87JgxiYdGwHdOa0ht0vzUWDlfioofFCRU0L+6NGDt6XzbgoJvZkMeRQ==",
      "engines": {
        "node": ">=0.8.0"
      }
    },
    "node_modules/math.gl": {
      "version": "3.6.3",
      "resolved": "https://registry.npmjs.org/math.gl/-/math.gl-3.6.3.tgz",
      "integrity": "sha512-Yq9CyECvSDox9+5ETi2+x1bGTY5WvGUGL3rJfC4KPoCZAM51MGfrCm6rIn4yOJUVfMPs2a5RwMD+yGS/n1g3gg==",
      "dependencies": {
        "@math.gl/core": "3.6.3"
      }
    },
    "node_modules/mjolnir.js": {
      "version": "2.7.1",
      "resolved": "https://registry.npmjs.org/mjolnir.js/-/mjolnir.js-2.7.1.tgz",
      "integrity": "sha512-72BeUWgTv2cj5aZQKpwL8caNUFhXZ9bDm1hxpNj70XJQ62IBnTZmtv/WPxJvtaVNhzNo+D2U8O6ryNI0zImYcw==",
      "dependencies": {
        "@types/hammerjs": "^2.0.41",
        "hammerjs": "^2.0.8"
      },
      "engines": {
        "node": ">= 4",
        "npm": ">= 3"
      }
    },
    "node_modules/regenerator-runtime": {
      "version": "0.14.0",
      "resolved": "https://registry.npmjs.org/regenerator-runtime/-/regenerator-runtime-0.14.0.tgz",
      "integrity": "sha512-srw17NI0TUWHuGa5CFGGmhfNIeja30WMBfbslPNhf6JrqQlLN5gcrvig1oqPxiVaXb0oW0XRKtH6Nngs5lKCIA=="
    }
  },
  "dependencies": {
    "@babel/runtime": {
      "version": "7.23.2",
      "resolved": "https://registry.npmjs.org/@babel/runtime/-/runtime-7.23.2.tgz",
      "integrity": "sha512-mM8eg4yl5D6i3lu2QKPuPH4FArvJ8KhTofbE7jwMUv9KX5mBvwPAqnV3MlyBNqdp9RyRKP6Yck8TrfYrPvX3bg==",
      "requires": {
        "regenerator-runtime": "^0.14.0"
      }
    },
    "@deck.gl/core": {
      "version": "8.9.32",
      "resolved": "https://registry.npmjs.org/@deck.gl/core/-/core-8.9.32.tgz",
      "integrity": "sha512-LQA2wPYxuWqZyxrlFZMsLOr3tBHdOFXMMVz4wBNATCyObbc9THly8FgW2N48tHT6OY2fM2N5wmbw9uRLsCg1kw==",
      "requires": {
        "@babel/runtime": "^7.0.0",
        "@loaders.gl/core": "^3.4.13",
        "@loaders.gl/images": "^3.4.13",
        "@luma.gl/constants": "^8.5.21",
        "@luma.gl/core": "^8.5.21",
        "@luma.gl/webgl": "^8.5.21",
        "@math.gl/core": "^3.6.2",
        "@math.gl/sun": "^3.6.2",
        "@math.gl/web-mercator": "^3.6.2",
        "@probe.gl/env": "^3.5.0",
        "@probe.gl/log": "^3.5.0",
        "@probe.gl/stats": "^3.5.0",
        "gl-matrix": "^3.0.0",
        "math.gl": "^3.6.2",
        "mjolnir.js": "^2.7.0"
      }
    },
    "@deck.gl/layers": {
      "version": "8.9.32",
      "resolved": "https://registry.npmjs.org/@deck.gl/layers/-/layers-8.9.32.tgz",
      "integrity": "sha512-UuUBbRvBnL42pG70YY12YLspl6t/OacP4f/E3Ty0lliXe0m/5jJFW+moubsz3goBV0adMI+CQf57cdlqlfQ4AQ==",
      "requires": {
        "@babel/runtime": "^7.0.0",
        "@loaders.gl/images": "^3.4.13",
        "@loaders.gl/schema": "^3.4.13",
        "@luma.gl/constants": "^8.5.21",
        "@mapbox/tiny-sdf": "^2.0.5",
        "@math.gl/core": "^3.6.2",
        "@math.gl/polygon": "^3.6.2",
        "@math.gl/web-mercator": "^3.6.2",
        "earcut": "^2.2.4"
      }
    },
    "@loaders.gl/core": {
      "version": "3.4.14",
      "resolved": "https://registry.npmjs.org/@loaders.gl/core/-/core-3.4.14.tgz",
      "integrity": "sha512-5PFcjv7xC8AYL17juDMrvo8n0Fcwg9s8F4BaM2YCNUsb9RCI2SmLuIFJMcx1GgHO5vL0WiTIKO+JT4n1FuNR6w==",
      "requires": {
        "@babel/runtime": "^7.3.1",
        "@loaders.gl/loader-utils": "3.4.14",
        "@loaders.gl/worker-utils": "3.4.14",
        "@probe.gl/log": "^4.0.1"
      },
      "dependencies": {
        "@probe.gl/env": {
          "version": "4.0.4",
          "resolved": "https://registry.npmjs.org/@probe.gl/env/-/env-4.0.4.tgz",
          "integrity": "sha512-sYNGqesDfWD6dFP5oNZtTeFA4Z6ak5T4a8BNPdNhoqy7PK9w70JHrb6mv+RKWqKXq33KiwCDWL7fYxx2HuEH2w==",
          "requires": {
            "@babel/runtime": "^7.0.0"
          }
        },
        "@probe.gl/log": {
          "version": "4.0.4",
          "resolved": "https://registry.npmjs.org/@probe.gl/log/-/log-4.0.4.tgz",
          "integrity": "sha512-WpmXl6njlBMwrm8HBh/b4kSp/xnY1VVmeT4PWUKF+RkVbFuKQbsU11dA1IxoMd7gSY+5DGIwxGfAv1H5OMzA4A==",
          "requires": {
            "@babel/runtime": "^7.0.0",
            "@probe.gl/env": "4.0.4"
          }
        }
      }
    },
    "@loaders.gl/images": {
      "version": "3.4.14",
      "resolved": "https://registry.npmjs.org/@loaders.gl/images/-/images-3.4.14.tgz",
      "integrity": "sha512-tL447hTWhOKBOB87SE4hvlC8OkbRT0mEaW1a/wIS9f4HnYDa/ycRLMV+nvdvYMZur4isNPam44oiRqi7GcILkg==",
      "requires": {
        "@loaders.gl/loader-utils": "3.4.14"
      }
    },
    "@loaders.gl/loader-utils": {
      "version": "3.4.14",
      "resolved": "https://registry.npmjs.org/@loaders.gl/loader-utils/-/loader-utils-3.4.14.tgz",
      "integrity": "sha512-HCTY2/F83RLbZWcTvWLVJ1vke3dl6Bye20HU1AqkA37J2vzHwOZ8kj6eee8eeSkIkf7VIFwjyhVJxe0flQE/Bw==",
      "requires": {
        "@babel/runtime": "^7.3.1",
        "@loaders.gl/worker-utils": "3.4.14",
        "@probe.gl/stats": "^4.0.1"
      },
      "dependencies": {
        "@probe.gl/stats": {
          "version": "4.0.4",
          "resolved": "https://registry.npmjs.org/@probe.gl/stats/-/stats-4.0.4.tgz",
          "integrity": "sha512-SDuSY/D4yDL6LQDa69l/GCcnZLRiGYdyvYkxWb0CgnzTPdPrcdrzGkzkvpC3zsA4fEFw2smlDje370QGHwlisg==",
          "requires": {
            "@babel/runtime": "^7.0.0"
          }
        }
      }
    },
    "@loaders.gl/schema": {
      "version": "3.4.14",
      "resolved": "https://registry.npmjs.org/@loaders.gl/schema/-/schema-3.4.14.tgz",
      "integrity": "sha512-r6BEDfUvbvzgUnh/MtkR5RzrkIwo1x1jtPFRTSJVsIZO7arXXlu3blffuv5ppEkKpNZ1Xzd9WtHp/JIkuctsmw==",
      "requires": {
        "@types/geojson": "^7946.0.7"
      }
    },
    "@loaders.gl/worker-utils": {
      "version": "3.4.14",
      "resolved": "https://registry.npmjs.org/@loaders.gl/worker-utils/-/worker-utils-3.4.14.tgz",
      "integrity": "sha512-PUSwxoAYbskisXd0KfYEQ902b0igBA2UAWdP6PzPvY+tJmobfh74dTNwrrBQ1rGXQxxmGx6zc6/ksX6mlIzIrg==",
      "requires": {
        "@babel/runtime": "^7.3.1"
      }
    },
    "@luma.gl/constants": {
      "version": "8.5.21",
      "resolved": "https://registry.npmjs.org/@luma.gl/constants/-/constants-8.5.21.tgz",
      "integrity": "sha512-aJxayGxTT+IRd1vfpcgD/cKSCiVJjBNiuiChS96VulrmCvkzUOLvYXr42y5qKB4RyR7vOIda5uQprNzoHrhQAA=="
    },
    "@luma.gl/core": {
      "version": "8.5.21",
      "resolved": "https://registry.npmjs.org/@luma.gl/core/-/core-8.5.21.tgz",
      "integrity": "sha512-11jQJQEMoR/IN2oIsd4zFxiQJk6FE+xgVIMUcsCTBuzafTtQZ8Po9df8mt+MVewpDyBlTVs6g8nxHRH4np1ukA==",
      "requires": {
        "@babel/runtime": "^7.0.0",
        "@luma.gl/constants": "8.5.21",
        "@luma.gl/engine": "8.5.21",
        "@luma.gl/gltools": "8.5.21",
        "@luma.gl/shadertools": "8.5.21",
        "@luma.gl/webgl": "8.5.21"
      }
    },
    "@luma.gl/engine": {
      "version": "8.5.21",
      "resolved": "https://registry.npmjs.org/@luma.gl/engine/-/engine-8.5.21.tgz",
      "integrity": "sha512-IG3WQSKXFNUEs8QG7ZjHtGiOtsakUu+BAxtJ6997A6/F06yynZ44tPe5NU70jG9Yfu3kV0LykPZg7hO3vXZDiA==",
      "requires": {
        "@babel/runtime": "^7.0.0",
        "@luma.gl/constants": "8.5.21",
        "@luma.gl/gltools": "8.5.21",
        "@luma.gl/shadertools": "8.5.21",
        "@luma.gl/webgl": "8.5.21",
        "@math.gl/core": "^3.5.0",
        "@probe.gl/env": "^3.5.0",
        "@probe.gl/stats": "^3.5.0",
        "@types/offscreencanvas": "^2019.7.0"
      }
    },
    "@luma.gl/gltools": {
      "version": "8.5.21",
      "resolved": "https://registry.npmjs.org/@luma.gl/gltools/-/gltools-8.5.21.tgz",
      "integrity": "sha512-6qZ0LaT2Mxa4AJT5F44TFoaziokYiHUwO45vnM/NYUOIu9xevcmS6VtToawytMEACGL6PDeDyVqP3Y80SDzq5g==",
      "requires": {
        "@babel/runtime": "^7.0.0",
        "@luma.gl/constants": "8.5.21",
        "@probe.gl/env": "^3.5.0",
        "@probe.gl/log": "^3.5.0",
        "@types/offscreencanvas": "^2019.7.0"
      }
    },
    "@luma.gl/shadertools": {
      "version": "8.5.21",
      "resolved": "https://registry.npmjs.org/@luma.gl/shadertools/-/shadertools-8.5.21.tgz",
      "integrity": "sha512-WQah7yFDJ8cNCLPYpIm3r0wSlXLvjoA279fcknmATvvkW3/i8PcCJ/nYEBJO3hHEwwMQxD16+YZu/uwGiifLMg==",
      "requires": {
        "@babel/runtime": "^7.0.0",
        "@math.gl/core": "^3.5.0"
      }
    },
    "@luma.gl/webgl": {
      "version": "8.5.21",
      "resolved": "https://registry.npmjs.org/@luma.gl/webgl/-/webgl-8.5.21.tgz",
      "integrity": "sha512-ZVLO4W5UuaOlzZIwmFWhnmZ1gYoU97a+heMqxLrSSmCUAsSu3ZETUex9gOmzdM1WWxcdWaa3M68rvKCNEgwz0Q==",
      "requires": {
        "@babel/runtime": "^7.0.0",
        "@luma.gl/constants": "8.5.21",
        "@luma.gl/gltools": "8.5.21",
        "@probe.gl/env": "^3.5.0",
        "@probe.gl/stats": "^3.5.0"
      }
    },
    "@mapbox/tiny-sdf": {
      "version": "2.0.6",
      "resolved": "https://registry.npmjs.org/@mapbox/tiny-sdf/-/tiny-sdf-2.0.6.tgz",
      "integrity": "sha512-qMqa27TLw+ZQz5Jk+RcwZGH7BQf5G/TrutJhspsca/3SHwmgKQ1iq+d3Jxz5oysPVYTGP6aXxCo5Lk9Er6YBAA=="
    },
    "@math.gl/core": {
      "version": "3.6.3",
      "resolved": "https://registry.npmjs.org/@math.gl/core/-/core-3.6.3.tgz",
      "integrity": "sha512-jBABmDkj5uuuE0dTDmwwss7Cup5ZwQ6Qb7h1pgvtkEutTrhkcv8SuItQNXmF45494yIHeoGue08NlyeY6wxq2A==",
      "requires": {
        "@babel/runtime": "^7.12.0",
        "@math.gl/types": "3.6.3",
        "gl-matrix": "^3.4.0"
      }
    },
    "@math.gl/polygon": {
      "version": "3.6.3",
      "resolved": "https://registry.npmjs.org/@math.gl/polygon/-/polygon-3.6.3.tgz",
      "integrity": "sha512-FivQ1ZnYcAss1wVifOkHP/ZnlfQy1IL/769uzNtiHxwUbW0kZG3yyOZ9I7fwyzR5Hvqt3ErJKHjSYZr0uVlz5g==",
      "requires": {
        "@math.gl/core": "3.6.3"
      }
    },
    "@math.gl/sun": {
      "version": "3.6.3",
      "resolved": "https://registry.npmjs.org/@math.gl/sun/-/sun-3.6.3.tgz",
      "integrity": "sha512-mrx6CGYYeTNSQttvcw0KVUy+35YDmnjMqpO/o0t06Vcghrt0HNruB/ScRgUSbJrgkbOg1Vcqm23HBd++clzQzw==",
      "requires": {
        "@babel/runtime": "^7.12.0"
      }
    },
    "@math.gl/types": {
      "version": "3.6.3",
      "resolved": "https://registry.npmjs.org/@math.gl/types/-/types-3.6.3.tgz",
      "integrity": "sha512-3uWLVXHY3jQxsXCr/UCNPSc2BG0hNUljhmOBt9l+lNFDp7zHgm0cK2Tw4kj2XfkJy4TgwZTBGwRDQgWEbLbdTA=="
    },
    "@math.gl/web-mercator": {
      "version": "3.6.3",
      "resolved": "https://registry.npmjs.org/@math.gl/web-mercator/-/web-mercator-3.6.3.tgz",
      "integrity": "sha512-UVrkSOs02YLehKaehrxhAejYMurehIHPfFQvPFZmdJHglHOU4V2cCUApTVEwOksvCp161ypEqVp+9H6mGhTTcw==",
      "requires": {
        "@babel/runtime": "^7.12.0",
        "gl-matrix": "^3.4.0"
      }
    },
    "@probe.gl/env": {
      "version": "3.6.0",
      "resolved": "https://registry.npmjs.org/@probe.gl/env/-/env-3.6.0.tgz",
      "integrity": "sha512-4tTZYUg/8BICC3Yyb9rOeoKeijKbZHRXBEKObrfPmX4sQmYB15ZOUpoVBhAyJkOYVAM8EkPci6Uw5dLCwx2BEQ==",
      "requires": {
        "@babel/runtime": "^7.0.0"
      }
    },
    "@probe.gl/log": {
      "version": "3.6.0",
      "resolved": "https://registry.npmjs.org/@probe.gl/log/-/log-3.6.0.tgz",
      "integrity": "sha512-hjpyenpEvOdowgZ1qMeCJxfRD4JkKdlXz0RC14m42Un62NtOT+GpWyKA4LssT0+xyLULCByRAtG2fzZorpIAcA==",
      "requires": {
        "@babel/runtime": "^7.0.0",
        "@probe.gl/env": "3.6.0"
      }
    },
    "@probe.gl/stats": {
      "version": "3.6.0",
      "resolved": "https://registry.npmjs.org/@probe.gl/stats/-/stats-3.6.0.tgz",
      "integrity": "sha512-JdALQXB44OP4kUBN/UrQgzbJe4qokbVF4Y8lkIA8iVCFnjVowWIgkD/z/0QO65yELT54tTrtepw1jScjKB+rhQ==",
      "requires": {
        "@babel/runtime": "^7.0.0"
      }
    },
    "@types/geojson": {
      "version": "7946.0.13",
      "resolved": "https://registry.npmjs.org/@types/geojson/-/geojson-7946.0.13.tgz",
      "integrity": "sha512-bmrNrgKMOhM3WsafmbGmC+6dsF2Z308vLFsQ3a/bT8X8Sv5clVYpPars/UPq+sAaJP+5OoLAYgwbkS5QEJdLUQ=="
    },
    "@types/hammerjs": {
      "version": "2.0.44",
      "resolved": "https://registry.npmjs.org/@types/hammerjs/-/hammerjs-2.0.44.tgz",
      "integrity": "sha512-pdGBkAh4ggfXAkiwgmTdROJe3mwvLWJYm6JiaAwCtskAU0Weh+JQyyMTbhvxjxD2n8sr8PrxVwyDzmpnK4pUrQ=="
    },
    "@types/offscreencanvas": {
      "version": "2019.7.3",
      "resolved": "https://registry.npmjs.org/@types/offscreencanvas/-/offscreencanvas-2019.7.3.tgz",
      "integrity": "sha512-ieXiYmgSRXUDeOntE1InxjWyvEelZGP63M+cGuquuRLuIKKT1osnkXjxev9B7d1nXSug5vpunx+gNlbVxMlC9A=="
    },
    "earcut": {
      "version": "2.2.4",
      "resolved": "https://registry.npmjs.org/earcut/-/earcut-2.2.4.tgz",
      "integrity": "sha512-/pjZsA1b4RPHbeWZQn66SWS8nZZWLQQ23oE3Eam7aroEFGEvwKAsJfZ9ytiEMycfzXWpca4FA9QIOehf7PocBQ=="
    },
    "gl-matrix": {
      "version": "3.4.3",
      "resolved": "https://registry.npmjs.org/gl-matrix/-/gl-matrix-3.4.3.tgz",
      "integrity": "sha512-wcCp8vu8FT22BnvKVPjXa/ICBWRq/zjFfdofZy1WSpQZpphblv12/bOQLBC1rMM7SGOFS9ltVmKOHil5+Ml7gA=="
    },
    "hammerjs": {
      "version": "2.0.8",
      "resolved": "https://registry.npmjs.org/hammerjs/-/hammerjs-2.0.8.tgz",
      "integrity": "sha512-tSQXBXS/MWQOn/RKckawJ61vvsDpCom87JgxiYdGwHdOa0ht0vzUWDlfioofFCRU0L+6NGDt6XzbgoJvZkMeRQ=="
    },
    "math.gl": {
      "version": "3.6.3",
      "resolved": "https://registry.npmjs.org/math.gl/-/math.gl-3.6.3.tgz",
      "integrity": "sha512-Yq9CyECvSDox9+5ETi2+x1bGTY5WvGUGL3rJfC4KPoCZAM51MGfrCm6rIn4yOJUVfMPs2a5RwMD+yGS/n1g3gg==",
      "requires": {
        "@math.gl/core": "3.6.3"
      }
    },
    "mjolnir.js": {
      "version": "2.7.1",
      "resolved": "https://registry.npmjs.org/mjolnir.js/-/mjolnir.js-2.7.1.tgz",
      "integrity": "sha512-72BeUWgTv2cj5aZQKpwL8caNUFhXZ9bDm1hxpNj70XJQ62IBnTZmtv/WPxJvtaVNhzNo+D2U8O6ryNI0zImYcw==",
      "requires": {
        "@types/hammerjs": "^2.0.41",
        "hammerjs": "^2.0.8"
      }
    },
    "regenerator-runtime": {
      "version": "0.14.0",
      "resolved": "https://registry.npmjs.org/regenerator-runtime/-/regenerator-runtime-0.14.0.tgz",
      "integrity": "sha512-srw17NI0TUWHuGa5CFGGmhfNIeja30WMBfbslPNhf6JrqQlLN5gcrvig1oqPxiVaXb0oW0XRKtH6Nngs5lKCIA=="
    }
  }
}
